Microsoft Visual Studio Solution File, Format Version 12.00
# Visual Studio Version 17
VisualStudioVersion = 17.5.2.0
MinimumVisualStudioVersion = 10.0.40219.1
Project("{FAE04EC0-301F-11D3-BF4B-00C04F79EFBC}") = "BankingConsoleApp", "BankingConsoleApp.csproj", "{04B2E5B8-5D3F-DFFE-0407-9BB09783770D}"
EndProject
Global
	GlobalSection(SolutionConfigurationPlatforms) = preSolution
		Debug|Any CPU = Debug|Any CPU
		Release|Any CPU = Release|Any CPU
	EndGlobalSection
	GlobalSection(ProjectConfigurationPlatforms) = postSolution
		{04B2E5B8-5D3F-DFFE-0407-9BB09783770D}.Debug|Any CPU.ActiveCfg = Debug|Any CPU
		{04B2E5B8-5D3F-DFFE-0407-9BB09783770D}.Debug|Any CPU.Build.0 = Debug|Any CPU
		{04B2E5B8-5D3F-DFFE-0407-9BB09783770D}.Release|Any CPU.ActiveCfg = Release|Any CPU
		{04B2E5B8-5D3F-DFFE-0407-9BB09783770D}.Release|Any CPU.Build.0 = Release|Any CPU
	EndGlobalSection
	GlobalSection(SolutionProperties) = preSolution
		HideSolutionNode = FALSE
	EndGlobalSection
	GlobalSection(ExtensibilityGlobals) = postSolution
		SolutionGuid = {21719421-580D-4791-97F2-217ECAAD532F}
	EndGlobalSection
EndGlobal
